
Microsoft Visual Studio Solution File, Format Version 12.00
# Visual Studio Version 17
VisualStudioVersion = 17.1.32210.238
MinimumVisualStudioVersion = 10.0.40219.1
Project("{9A19103F-16F7-4668-BE54-9A1E7A4F7556}") = "CSharp2opdrachten2", "CSharp2opdrachten2\CSharp2opdrachten2.csproj", "{074EB82B-C3C6-44AC-BEE2-DBC8F2B260E7}"
EndProject
Project("{9A19103F-16F7-4668-BE54-9A1E7A4F7556}") = "EnumOpdracht", "EnumOpdracht\EnumOpdracht.csproj", "{9459956D-0712-4F2C-A25C-2896BF41DF74}"
EndProject
Project("{9A19103F-16F7-4668-BE54-9A1E7A4F7556}") = "FileDirOpdracht", "FileDirOpdracht\FileDirOpdracht.csproj", "{CAED16D1-CBCF-4547-9552-6E9CADADFA09}"
EndProject
Project("{FAE04EC0-301F-11D3-BF4B-00C04F79EFBC}") = "FileIOOpdracht", "FileIOOpdracht\FileIOOpdracht.csproj", "{88D6DA46-D212-48CC-9F04-7F8BD16DED20}"
EndProject
Global
	GlobalSection(SolutionConfigurationPlatforms) = preSolution
		Debug|Any CPU = Debug|Any CPU
		Release|Any CPU = Release|Any CPU
	EndGlobalSection
	GlobalSection(ProjectConfigurationPlatforms) = postSolution
		{074EB82B-C3C6-44AC-BEE2-DBC8F2B260E7}.Debug|Any CPU.ActiveCfg = Debug|Any CPU
		{074EB82B-C3C6-44AC-BEE2-DBC8F2B260E7}.Debug|Any CPU.Build.0 = Debug|Any CPU
		{074EB82B-C3C6-44AC-BEE2-DBC8F2B260E7}.Release|Any CPU.ActiveCfg = Release|Any CPU
		{074EB82B-C3C6-44AC-BEE2-DBC8F2B260E7}.Release|Any CPU.Build.0 = Release|Any CPU
		{9459956D-0712-4F2C-A25C-2896BF41DF74}.Debug|Any CPU.ActiveCfg = Debug|Any CPU
		{9459956D-0712-4F2C-A25C-2896BF41DF74}.Debug|Any CPU.Build.0 = Debug|Any CPU
		{9459956D-0712-4F2C-A25C-2896BF41DF74}.Release|Any CPU.ActiveCfg = Release|Any CPU
		{9459956D-0712-4F2C-A25C-2896BF41DF74}.Release|Any CPU.Build.0 = Release|Any CPU
		{CAED16D1-CBCF-4547-9552-6E9CADADFA09}.Debug|Any CPU.ActiveCfg = Debug|Any CPU
		{CAED16D1-CBCF-4547-9552-6E9CADADFA09}.Debug|Any CPU.Build.0 = Debug|Any CPU
		{CAED16D1-CBCF-4547-9552-6E9CADADFA09}.Release|Any CPU.ActiveCfg = Release|Any CPU
		{CAED16D1-CBCF-4547-9552-6E9CADADFA09}.Release|Any CPU.Build.0 = Release|Any CPU
		{88D6DA46-D212-48CC-9F04-7F8BD16DED20}.Debug|Any CPU.ActiveCfg = Debug|Any CPU
		{88D6DA46-D212-48CC-9F04-7F8BD16DED20}.Debug|Any CPU.Build.0 = Debug|Any CPU
		{88D6DA46-D212-48CC-9F04-7F8BD16DED20}.Release|Any CPU.ActiveCfg = Release|Any CPU
		{88D6DA46-D212-48CC-9F04-7F8BD16DED20}.Release|Any CPU.Build.0 = Release|Any CPU
	EndGlobalSection
	GlobalSection(SolutionProperties) = preSolution
		HideSolutionNode = FALSE
	EndGlobalSection
	GlobalSection(ExtensibilityGlobals) = postSolution
		SolutionGuid = {947806BF-FC17-46DB-B0DC-612EDA7196B2}
	EndGlobalSection
EndGlobal
